// !$*UTF8*$!
{
	archiveVersion = 1;
	classes = {
	};
	objectVersion = 51;
	objects = {

/* Begin PBXBuildFile section */
		1CCF0E9D79CF2587F759C262 /* Pods_iconic.framework in Frameworks */ = {isa = PBXBuildFile; fileRef = FDC4FFD44DAE405167CF2DC6 /* Pods_iconic.framework */; };
		329ABA98CB457DC829B064EC /* Pods_iconicTests.framework in Frameworks */ = {isa = PBXBuildFile; fileRef = 26AF7F6BD08582C8162B3300 /* Pods_iconicTests.framework */; };
		BCE5D0EE22DA80F10054C4D2 /* AppDelegate.swift in Sources */ = {isa = PBXBuildFile; fileRef = BCE5D0ED22DA80F10054C4D2 /* AppDelegate.swift */; };
		BCE5D0F022DA80F10054C4D2 /* ViewController.swift in Sources */ = {isa = PBXBuildFile; fileRef = BCE5D0EF22DA80F10054C4D2 /* ViewController.swift */; };
		BCE5D0F322DA80F10054C4D2 /* Main.storyboard in Resources */ = {isa = PBXBuildFile; fileRef = BCE5D0F122DA80F10054C4D2 /* Main.storyboard */; };
		BCE5D0F522DA80F20054C4D2 /* Assets.xcassets in Resources */ = {isa = PBXBuildFile; fileRef = BCE5D0F422DA80F20054C4D2 /* Assets.xcassets */; };
		BCE5D0F822DA80F20054C4D2 /* LaunchScreen.storyboard in Resources */ = {isa = PBXBuildFile; fileRef = BCE5D0F622DA80F20054C4D2 /* LaunchScreen.storyboard */; };
		BCE5D10322DA80F20054C4D2 /* EncryptionTests.swift in Sources */ = {isa = PBXBuildFile; fileRef = BCE5D10222DA80F20054C4D2 /* EncryptionTests.swift */; };
		BCE5D11722DA8A5E0054C4D2 /* NounAPIClient.swift in Sources */ = {isa = PBXBuildFile; fileRef = BCE5D11622DA8A5E0054C4D2 /* NounAPIClient.swift */; };
		BCE5D11922DB4D120054C4D2 /* AuthClient.swift in Sources */ = {isa = PBXBuildFile; fileRef = BCE5D11822DB4D120054C4D2 /* AuthClient.swift */; };
		BCE5D11B22DB572A0054C4D2 /* Configuration.swift in Sources */ = {isa = PBXBuildFile; fileRef = BCE5D11A22DB57290054C4D2 /* Configuration.swift */; };
		BCE5D11E22DB62050054C4D2 /* EncryptionHandler.swift in Sources */ = {isa = PBXBuildFile; fileRef = BCE5D11D22DB62050054C4D2 /* EncryptionHandler.swift */; };
		BCE5D12122DB71510054C4D2 /* MockEncryptionData.swift in Sources */ = {isa = PBXBuildFile; fileRef = BCE5D12022DB71510054C4D2 /* MockEncryptionData.swift */; };
		BCE5D12422DB9B030054C4D2 /* URLComponents+ext.swift in Sources */ = {isa = PBXBuildFile; fileRef = BCE5D12322DB9B030054C4D2 /* URLComponents+ext.swift */; };
		BCE5D12622DB9D8E0054C4D2 /* MockRequest.swift in Sources */ = {isa = PBXBuildFile; fileRef = BCE5D12522DB9D8E0054C4D2 /* MockRequest.swift */; };
		BCE5D12822DB9F3A0054C4D2 /* AuthClientTests.swift in Sources */ = {isa = PBXBuildFile; fileRef = BCE5D12722DB9F3A0054C4D2 /* AuthClientTests.swift */; };
		BCE5D12B22DBB6A50054C4D2 /* Icon.swift in Sources */ = {isa = PBXBuildFile; fileRef = BCE5D12A22DBB6A50054C4D2 /* Icon.swift */; };
		BCE5D12D22DBBAED0054C4D2 /* RecentUploads.swift in Sources */ = {isa = PBXBuildFile; fileRef = BCE5D12C22DBBAED0054C4D2 /* RecentUploads.swift */; };
		BCE5D12F22DC05BE0054C4D2 /* IconCollectionViewCell.swift in Sources */ = {isa = PBXBuildFile; fileRef = BCE5D12E22DC05BE0054C4D2 /* IconCollectionViewCell.swift */; };
/* End PBXBuildFile section */

/* Begin PBXContainerItemProxy section */
		BCE5D0FF22DA80F20054C4D2 /* PBXContainerItemProxy */ = {
			isa = PBXContainerItemProxy;
			containerPortal = BCE5D0E222DA80F10054C4D2 /* Project object */;
			proxyType = 1;
			remoteGlobalIDString = BCE5D0E922DA80F10054C4D2;
			remoteInfo = iconic;
		};
/* End PBXContainerItemProxy section */

/* Begin PBXFileReference section */
		26AF7F6BD08582C8162B3300 /* Pods_iconicTests.framework */ = {isa = PBXFileReference; explicitFileType = wrapper.framework; includeInIndex = 0; path = Pods_iconicTests.framework; sourceTree = BUILT_PRODUCTS_DIR; };
		4ECFDF10D31F65C9D4888F0B /* Pods-iconicTests.debug.xcconfig */ = {isa = PBXFileReference; includeInIndex = 1; lastKnownFileType = text.xcconfig; name = "Pods-iconicTests.debug.xcconfig"; path = "Target Support Files/Pods-iconicTests/Pods-iconicTests.debug.xcconfig"; sourceTree = "<group>"; };
		54100C9A9E58F04FD665EE32 /* Pods-iconic.debug.xcconfig */ = {isa = PBXFileReference; includeInIndex = 1; lastKnownFileType = text.xcconfig; name = "Pods-iconic.debug.xcconfig"; path = "Target Support Files/Pods-iconic/Pods-iconic.debug.xcconfig"; sourceTree = "<group>"; };
		994B817208D5FA3D99EE0E4D /* Pods-iconicTests.release.xcconfig */ = {isa = PBXFileReference; includeInIndex = 1; lastKnownFileType = text.xcconfig; name = "Pods-iconicTests.release.xcconfig"; path = "Target Support Files/Pods-iconicTests/Pods-iconicTests.release.xcconfig"; sourceTree = "<group>"; };
		A5FFB27D6D4353CADA2BE52F /* Pods-iconic.release.xcconfig */ = {isa = PBXFileReference; includeInIndex = 1; lastKnownFileType = text.xcconfig; name = "Pods-iconic.release.xcconfig"; path = "Target Support Files/Pods-iconic/Pods-iconic.release.xcconfig"; sourceTree = "<group>"; };
		BCE5D0EA22DA80F10054C4D2 /* iconic.app */ = {isa = PBXFileReference; explicitFileType = wrapper.application; includeInIndex = 0; path = iconic.app; sourceTree = BUILT_PRODUCTS_DIR; };
		BCE5D0ED22DA80F10054C4D2 /* AppDelegate.swift */ = {isa = PBXFileReference; lastKnownFileType = sourcecode.swift; path = AppDelegate.swift; sourceTree = "<group>"; };
		BCE5D0EF22DA80F10054C4D2 /* ViewController.swift */ = {isa = PBXFileReference; lastKnownFileType = sourcecode.swift; path = ViewController.swift; sourceTree = "<group>"; };
		BCE5D0F222DA80F10054C4D2 /* Base */ = {isa = PBXFileReference; lastKnownFileType = file.storyboard; name = Base; path = Base.lproj/Main.storyboard; sourceTree = "<group>"; };
		BCE5D0F422DA80F20054C4D2 /* Assets.xcassets */ = {isa = PBXFileReference; lastKnownFileType = folder.assetcatalog; path = Assets.xcassets; sourceTree = "<group>"; };
		BCE5D0F722DA80F20054C4D2 /* Base */ = {isa = PBXFileReference; lastKnownFileType = file.storyboard; name = Base; path = Base.lproj/LaunchScreen.storyboard; sourceTree = "<group>"; };
		BCE5D0F922DA80F20054C4D2 /* Info.plist */ = {isa = PBXFileReference; lastKnownFileType = text.plist.xml; path = Info.plist; sourceTree = "<group>"; };
		BCE5D0FE22DA80F20054C4D2 /* iconicTests.xctest */ = {isa = PBXFileReference; explicitFileType = wrapper.cfbundle; includeInIndex = 0; path = iconicTests.xctest; sourceTree = BUILT_PRODUCTS_DIR; };
		BCE5D10222DA80F20054C4D2 /* EncryptionTests.swift */ = {isa = PBXFileReference; lastKnownFileType = sourcecode.swift; path = EncryptionTests.swift; sourceTree = "<group>"; };
		BCE5D10422DA80F20054C4D2 /* Info.plist */ = {isa = PBXFileReference; lastKnownFileType = text.plist.xml; path = Info.plist; sourceTree = "<group>"; };
		BCE5D11122DA89A60054C4D2 /* development.xcconfig */ = {isa = PBXFileReference; fileEncoding = 4; lastKnownFileType = text.xcconfig; path = development.xcconfig; sourceTree = "<group>"; };
		BCE5D11222DA89A60054C4D2 /* development.sample.xcconfig */ = {isa = PBXFileReference; fileEncoding = 4; lastKnownFileType = text.xcconfig; path = development.sample.xcconfig; sourceTree = "<group>"; };
		BCE5D11622DA8A5E0054C4D2 /* NounAPIClient.swift */ = {isa = PBXFileReference; lastKnownFileType = sourcecode.swift; path = NounAPIClient.swift; sourceTree = "<group>"; };
		BCE5D11822DB4D120054C4D2 /* AuthClient.swift */ = {isa = PBXFileReference; lastKnownFileType = sourcecode.swift; path = AuthClient.swift; sourceTree = "<group>"; };
		BCE5D11A22DB57290054C4D2 /* Configuration.swift */ = {isa = PBXFileReference; lastKnownFileType = sourcecode.swift; path = Configuration.swift; sourceTree = "<group>"; };
		BCE5D11D22DB62050054C4D2 /* EncryptionHandler.swift */ = {isa = PBXFileReference; lastKnownFileType = sourcecode.swift; path = EncryptionHandler.swift; sourceTree = "<group>"; };
		BCE5D12022DB71510054C4D2 /* MockEncryptionData.swift */ = {isa = PBXFileReference; lastKnownFileType = sourcecode.swift; path = MockEncryptionData.swift; sourceTree = "<group>"; };
		BCE5D12322DB9B030054C4D2 /* URLComponents+ext.swift */ = {isa = PBXFileReference; lastKnownFileType = sourcecode.swift; path = "URLComponents+ext.swift"; sourceTree = "<group>"; };
		BCE5D12522DB9D8E0054C4D2 /* MockRequest.swift */ = {isa = PBXFileReference; lastKnownFileType = sourcecode.swift; path = MockRequest.swift; sourceTree = "<group>"; };
		BCE5D12722DB9F3A0054C4D2 /* AuthClientTests.swift */ = {isa = PBXFileReference; lastKnownFileType = sourcecode.swift; path = AuthClientTests.swift; sourceTree = "<group>"; };
		BCE5D12A22DBB6A50054C4D2 /* Icon.swift */ = {isa = PBXFileReference; lastKnownFileType = sourcecode.swift; path = Icon.swift; sourceTree = "<group>"; };
		BCE5D12C22DBBAED0054C4D2 /* RecentUploads.swift */ = {isa = PBXFileReference; lastKnownFileType = sourcecode.swift; path = RecentUploads.swift; sourceTree = "<group>"; };
		BCE5D12E22DC05BE0054C4D2 /* IconCollectionViewCell.swift */ = {isa = PBXFileReference; lastKnownFileType = sourcecode.swift; path = IconCollectionViewCell.swift; sourceTree = "<group>"; };
		FDC4FFD44DAE405167CF2DC6 /* Pods_iconic.framework */ = {isa = PBXFileReference; explicitFileType = wrapper.framework; includeInIndex = 0; path = Pods_iconic.framework; sourceTree = BUILT_PRODUCTS_DIR; };
/* End PBXFileReference section */

/* Begin PBXFrameworksBuildPhase section */
		BCE5D0E722DA80F10054C4D2 /* Frameworks */ = {
			isa = PBXFrameworksBuildPhase;
			buildActionMask = 2147483647;
			files = (
				1CCF0E9D79CF2587F759C262 /* Pods_iconic.framework in Frameworks */,
			);
			runOnlyForDeploymentPostprocessing = 0;
		};
		BCE5D0FB22DA80F20054C4D2 /* Frameworks */ = {
			isa = PBXFrameworksBuildPhase;
			buildActionMask = 2147483647;
			files = (
				329ABA98CB457DC829B064EC /* Pods_iconicTests.framework in Frameworks */,
			);
			runOnlyForDeploymentPostprocessing = 0;
		};
/* End PBXFrameworksBuildPhase section */

/* Begin PBXGroup section */
		0502B9F2BFA7AA6C48B64A21 /* Pods */ = {
			isa = PBXGroup;
			children = (
				54100C9A9E58F04FD665EE32 /* Pods-iconic.debug.xcconfig */,
				A5FFB27D6D4353CADA2BE52F /* Pods-iconic.release.xcconfig */,
				4ECFDF10D31F65C9D4888F0B /* Pods-iconicTests.debug.xcconfig */,
				994B817208D5FA3D99EE0E4D /* Pods-iconicTests.release.xcconfig */,
			);
			path = Pods;
			sourceTree = "<group>";
		};
		114A169214D8452AC6DD1A5D /* Frameworks */ = {
			isa = PBXGroup;
			children = (
				FDC4FFD44DAE405167CF2DC6 /* Pods_iconic.framework */,
				26AF7F6BD08582C8162B3300 /* Pods_iconicTests.framework */,
			);
			name = Frameworks;
			sourceTree = "<group>";
		};
		BCE5D0E122DA80F10054C4D2 = {
			isa = PBXGroup;
			children = (
				BCE5D0EC22DA80F10054C4D2 /* iconic */,
				BCE5D10122DA80F20054C4D2 /* iconicTests */,
				BCE5D0EB22DA80F10054C4D2 /* Products */,
				BCE5D11022DA89A60054C4D2 /* Config */,
				0502B9F2BFA7AA6C48B64A21 /* Pods */,
				114A169214D8452AC6DD1A5D /* Frameworks */,
			);
			sourceTree = "<group>";
		};
		BCE5D0EB22DA80F10054C4D2 /* Products */ = {
			isa = PBXGroup;
			children = (
				BCE5D0EA22DA80F10054C4D2 /* iconic.app */,
				BCE5D0FE22DA80F20054C4D2 /* iconicTests.xctest */,
			);
			name = Products;
			sourceTree = "<group>";
		};
		BCE5D0EC22DA80F10054C4D2 /* iconic */ = {
			isa = PBXGroup;
			children = (
				BCE5D12222DB9AE10054C4D2 /* Common */,
				BCE5D11522DA8A220054C4D2 /* NounAPI */,
				BCE5D0ED22DA80F10054C4D2 /* AppDelegate.swift */,
				BCE5D0EF22DA80F10054C4D2 /* ViewController.swift */,
				BCE5D0F122DA80F10054C4D2 /* Main.storyboard */,
				BCE5D0F422DA80F20054C4D2 /* Assets.xcassets */,
				BCE5D0F622DA80F20054C4D2 /* LaunchScreen.storyboard */,
				BCE5D0F922DA80F20054C4D2 /* Info.plist */,
				BCE5D11A22DB57290054C4D2 /* Configuration.swift */,
				BCE5D12E22DC05BE0054C4D2 /* IconCollectionViewCell.swift */,
			);
			path = iconic;
			sourceTree = "<group>";
		};
		BCE5D10122DA80F20054C4D2 /* iconicTests */ = {
			isa = PBXGroup;
			children = (
				BCE5D11F22DB71310054C4D2 /* Mocks */,
				BCE5D12722DB9F3A0054C4D2 /* AuthClientTests.swift */,
				BCE5D10222DA80F20054C4D2 /* EncryptionTests.swift */,
				BCE5D10422DA80F20054C4D2 /* Info.plist */,
			);
			path = iconicTests;
			sourceTree = "<group>";
		};
		BCE5D11022DA89A60054C4D2 /* Config */ = {
			isa = PBXGroup;
			children = (
				BCE5D11122DA89A60054C4D2 /* development.xcconfig */,
				BCE5D11222DA89A60054C4D2 /* development.sample.xcconfig */,
			);
			path = Config;
			sourceTree = "<group>";
		};
		BCE5D11522DA8A220054C4D2 /* NounAPI */ = {
			isa = PBXGroup;
			children = (
				BCE5D12922DBB6800054C4D2 /* Model */,
				BCE5D11C22DB61E00054C4D2 /* AuthClient */,
				BCE5D11622DA8A5E0054C4D2 /* NounAPIClient.swift */,
			);
			path = NounAPI;
			sourceTree = "<group>";
		};
		BCE5D11C22DB61E00054C4D2 /* AuthClient */ = {
			isa = PBXGroup;
			children = (
				BCE5D11822DB4D120054C4D2 /* AuthClient.swift */,
				BCE5D11D22DB62050054C4D2 /* EncryptionHandler.swift */,
			);
			path = AuthClient;
			sourceTree = "<group>";
		};
		BCE5D11F22DB71310054C4D2 /* Mocks */ = {
			isa = PBXGroup;
			children = (
				BCE5D12022DB71510054C4D2 /* MockEncryptionData.swift */,
				BCE5D12522DB9D8E0054C4D2 /* MockRequest.swift */,
			);
			path = Mocks;
			sourceTree = "<group>";
		};
		BCE5D12222DB9AE10054C4D2 /* Common */ = {
			isa = PBXGroup;
			children = (
				BCE5D12322DB9B030054C4D2 /* URLComponents+ext.swift */,
			);
			path = Common;
			sourceTree = "<group>";
		};
		BCE5D12922DBB6800054C4D2 /* Model */ = {
			isa = PBXGroup;
			children = (
				BCE5D12A22DBB6A50054C4D2 /* Icon.swift */,
				BCE5D12C22DBBAED0054C4D2 /* RecentUploads.swift */,
			);
			path = Model;
			sourceTree = "<group>";
		};
/* End PBXGroup section */

/* Begin PBXNativeTarget section */
		BCE5D0E922DA80F10054C4D2 /* iconic */ = {
			isa = PBXNativeTarget;
			buildConfigurationList = BCE5D10722DA80F20054C4D2 /* Build configuration list for PBXNativeTarget "iconic" */;
			buildPhases = (
				30D51565239E143DA8687FE9 /* [CP] Check Pods Manifest.lock */,
				BCE5D0E622DA80F10054C4D2 /* Sources */,
				BCE5D0E722DA80F10054C4D2 /* Frameworks */,
				BCE5D0E822DA80F10054C4D2 /* Resources */,
				AE5E4E6A41AB0A8A0A4DC268 /* [CP] Embed Pods Frameworks */,
			);
			buildRules = (
			);
			dependencies = (
			);
			name = iconic;
			productName = iconic;
			productReference = BCE5D0EA22DA80F10054C4D2 /* iconic.app */;
			productType = "com.apple.product-type.application";
		};
		BCE5D0FD22DA80F20054C4D2 /* iconicTests */ = {
			isa = PBXNativeTarget;
			buildConfigurationList = BCE5D10A22DA80F20054C4D2 /* Build configuration list for PBXNativeTarget "iconicTests" */;
			buildPhases = (
				868A0890AA93CD86B1648940 /* [CP] Check Pods Manifest.lock */,
				BCE5D0FA22DA80F20054C4D2 /* Sources */,
				BCE5D0FB22DA80F20054C4D2 /* Frameworks */,
				BCE5D0FC22DA80F20054C4D2 /* Resources */,
			);
			buildRules = (
			);
			dependencies = (
				BCE5D10022DA80F20054C4D2 /* PBXTargetDependency */,
			);
			name = iconicTests;
			productName = iconicTests;
			productReference = BCE5D0FE22DA80F20054C4D2 /* iconicTests.xctest */;
			productType = "com.apple.product-type.bundle.unit-test";
		};
/* End PBXNativeTarget section */

/* Begin PBXProject section */
		BCE5D0E222DA80F10054C4D2 /* Project object */ = {
			isa = PBXProject;
			attributes = {
				LastSwiftUpdateCheck = 1020;
				LastUpgradeCheck = 1400;
				ORGANIZATIONNAME = corporatelangdon;
				TargetAttributes = {
					BCE5D0E922DA80F10054C4D2 = {
						CreatedOnToolsVersion = 10.2.1;
					};
					BCE5D0FD22DA80F20054C4D2 = {
						CreatedOnToolsVersion = 10.2.1;
						TestTargetID = BCE5D0E922DA80F10054C4D2;
					};
				};
			};
			buildConfigurationList = BCE5D0E522DA80F10054C4D2 /* Build configuration list for PBXProject "iconic" */;
			compatibilityVersion = "Xcode 9.3";
			developmentRegion = en;
			hasScannedForEncodings = 0;
			knownRegions = (
				en,
				Base,
			);
			mainGroup = BCE5D0E122DA80F10054C4D2;
			productRefGroup = BCE5D0EB22DA80F10054C4D2 /* Products */;
			projectDirPath = "";
			projectRoot = "";
			targets = (
				BCE5D0E922DA80F10054C4D2 /* iconic */,
				BCE5D0FD22DA80F20054C4D2 /* iconicTests */,
			);
		};
/* End PBXProject section */

/* Begin PBXResourcesBuildPhase section */
		BCE5D0E822DA80F10054C4D2 /* Resources */ = {
			isa = PBXResourcesBuildPhase;
			buildActionMask = 2147483647;
			files = (
				BCE5D0F822DA80F20054C4D2 /* LaunchScreen.storyboard in Resources */,
				BCE5D0F522DA80F20054C4D2 /* Assets.xcassets in Resources */,
				BCE5D0F322DA80F10054C4D2 /* Main.storyboard in Resources */,
			);
			runOnlyForDeploymentPostprocessing = 0;
		};
		BCE5D0FC22DA80F20054C4D2 /* Resources */ = {
			isa = PBXResourcesBuildPhase;
			buildActionMask = 2147483647;
			files = (
			);
			runOnlyForDeploymentPostprocessing = 0;
		};
/* End PBXResourcesBuildPhase section */

/* Begin PBXShellScriptBuildPhase section */
		30D51565239E143DA8687FE9 /* [CP] Check Pods Manifest.lock */ = {
			isa = PBXShellScriptBuildPhase;
			buildActionMask = 2147483647;
			files = (
			);
			inputFileListPaths = (
			);
			inputPaths = (
				"${PODS_PODFILE_DIR_PATH}/Podfile.lock",
				"${PODS_ROOT}/Manifest.lock",
			);
			name = "[CP] Check Pods Manifest.lock";
			outputFileListPaths = (
			);
			outputPaths = (
				"$(DERIVED_FILE_DIR)/Pods-iconic-checkManifestLockResult.txt",
			);
			runOnlyForDeploymentPostprocessing = 0;
			shellPath = /bin/sh;
			shellScript = "diff \"${PODS_PODFILE_DIR_PATH}/Podfile.lock\" \"${PODS_ROOT}/Manifest.lock\" > /dev/null\nif [ $? != 0 ] ; then\n    # print error to STDERR\n    echo \"error: The sandbox is not in sync with the Podfile.lock. Run 'pod install' or update your CocoaPods installation.\" >&2\n    exit 1\nfi\n# This output is used by Xcode 'outputs' to avoid re-running this script phase.\necho \"SUCCESS\" > \"${SCRIPT_OUTPUT_FILE_0}\"\n";
			showEnvVarsInLog = 0;
		};
		868A0890AA93CD86B1648940 /* [CP] Check Pods Manifest.lock */ = {
			isa = PBXShellScriptBuildPhase;
			buildActionMask = 2147483647;
			files = (
			);
			inputFileListPaths = (
			);
			inputPaths = (
				"${PODS_PODFILE_DIR_PATH}/Podfile.lock",
				"${PODS_ROOT}/Manifest.lock",
			);
			name = "[CP] Check Pods Manifest.lock";
			outputFileListPaths = (
			);
			outputPaths = (
				"$(DERIVED_FILE_DIR)/Pods-iconicTests-checkManifestLockResult.txt",
			);
			runOnlyForDeploymentPostprocessing = 0;
			shellPath = /bin/sh;
			shellScript = "diff \"${PODS_PODFILE_DIR_PATH}/Podfile.lock\" \"${PODS_ROOT}/Manifest.lock\" > /dev/null\nif [ $? != 0 ] ; then\n    # print error to STDERR\n    echo \"error: The sandbox is not in sync with the Podfile.lock. Run 'pod install' or update your CocoaPods installation.\" >&2\n    exit 1\nfi\n# This output is used by Xcode 'outputs' to avoid re-running this script phase.\necho \"SUCCESS\" > \"${SCRIPT_OUTPUT_FILE_0}\"\n";
			showEnvVarsInLog = 0;
		};
		AE5E4E6A41AB0A8A0A4DC268 /* [CP] Embed Pods Frameworks */ = {
			isa = PBXShellScriptBuildPhase;
			buildActionMask = 2147483647;
			files = (
			);
			inputFileListPaths = (
				"${PODS_ROOT}/Target Support Files/Pods-iconic/Pods-iconic-frameworks-${CONFIGURATION}-input-files.xcfilelist",
			);
			name = "[CP] Embed Pods Frameworks";
			outputFileListPaths = (
				"${PODS_ROOT}/Target Support Files/Pods-iconic/Pods-iconic-frameworks-${CONFIGURATION}-output-files.xcfilelist",
			);
			runOnlyForDeploymentPostprocessing = 0;
			shellPath = /bin/sh;
			shellScript = "\"${PODS_ROOT}/Target Support Files/Pods-iconic/Pods-iconic-frameworks.sh\"\n";
			showEnvVarsInLog = 0;
		};
/* End PBXShellScriptBuildPhase section */

/* Begin PBXSourcesBuildPhase section */
		BCE5D0E622DA80F10054C4D2 /* Sources */ = {
			isa = PBXSourcesBuildPhase;
			buildActionMask = 2147483647;
			files = (
				BCE5D11E22DB62050054C4D2 /* EncryptionHandler.swift in Sources */,
				BCE5D12F22DC05BE0054C4D2 /* IconCollectionViewCell.swift in Sources */,
				BCE5D12422DB9B030054C4D2 /* URLComponents+ext.swift in Sources */,
				BCE5D0F022DA80F10054C4D2 /* ViewController.swift in Sources */,
				BCE5D11B22DB572A0054C4D2 /* Configuration.swift in Sources */,
				BCE5D11722DA8A5E0054C4D2 /* NounAPIClient.swift in Sources */,
				BCE5D11922DB4D120054C4D2 /* AuthClient.swift in Sources */,
				BCE5D12B22DBB6A50054C4D2 /* Icon.swift in Sources */,
				BCE5D0EE22DA80F10054C4D2 /* AppDelegate.swift in Sources */,
				BCE5D12D22DBBAED0054C4D2 /* RecentUploads.swift in Sources */,
			);
			runOnlyForDeploymentPostprocessing = 0;
		};
		BCE5D0FA22DA80F20054C4D2 /* Sources */ = {
			isa = PBXSourcesBuildPhase;
			buildActionMask = 2147483647;
			files = (
				BCE5D12822DB9F3A0054C4D2 /* AuthClientTests.swift in Sources */,
				BCE5D10322DA80F20054C4D2 /* EncryptionTests.swift in Sources */,
				BCE5D12122DB71510054C4D2 /* MockEncryptionData.swift in Sources */,
				BCE5D12622DB9D8E0054C4D2 /* MockRequest.swift in Sources */,
			);
			runOnlyForDeploymentPostprocessing = 0;
		};
/* End PBXSourcesBuildPhase section */

/* Begin PBXTargetDependency section */
		BCE5D10022DA80F20054C4D2 /* PBXTargetDependency */ = {
			isa = PBXTargetDependency;
			target = BCE5D0E922DA80F10054C4D2 /* iconic */;
			targetProxy = BCE5D0FF22DA80F20054C4D2 /* PBXContainerItemProxy */;
		};
/* End PBXTargetDependency section */

/* Begin PBXVariantGroup section */
		BCE5D0F122DA80F10054C4D2 /* Main.storyboard */ = {
			isa = PBXVariantGroup;
			children = (
				BCE5D0F222DA80F10054C4D2 /* Base */,
			);
			name = Main.storyboard;
			sourceTree = "<group>";
		};
		BCE5D0F622DA80F20054C4D2 /* LaunchScreen.storyboard */ = {
			isa = PBXVariantGroup;
			children = (
				BCE5D0F722DA80F20054C4D2 /* Base */,
			);
			name = LaunchScreen.storyboard;
			sourceTree = "<group>";
		};
/* End PBXVariantGroup section */

/* Begin XCBuildConfiguration section */
		BCE5D10522DA80F20054C4D2 /* Debug */ = {
			isa = XCBuildConfiguration;
			baseConfigurationReference = BCE5D11122DA89A60054C4D2 /* development.xcconfig */;
			buildSettings = {
				ALWAYS_SEARCH_USER_PATHS = NO;
				CLANG_ANALYZER_NONNULL = YES;
				CLANG_ANALYZER_NUMBER_OBJECT_CONVERSION = YES_AGGRESSIVE;
				CLANG_CXX_LANGUAGE_STANDARD = "gnu++14";
				CLANG_CXX_LIBRARY = "libc++";
				CLANG_ENABLE_MODULES = YES;
				CLANG_ENABLE_OBJC_ARC = YES;
				CLANG_ENABLE_OBJC_WEAK = YES;
				CLANG_WARN_BLOCK_CAPTURE_AUTORELEASING = YES;
				CLANG_WARN_BOOL_CONVERSION = YES;
				CLANG_WARN_COMMA = YES;
				CLANG_WARN_CONSTANT_CONVERSION = YES;
				CLANG_WARN_DEPRECATED_OBJC_IMPLEMENTATIONS = YES;
				CLANG_WARN_DIRECT_OBJC_ISA_USAGE = YES_ERROR;
				CLANG_WARN_DOCUMENTATION_COMMENTS = YES;
				CLANG_WARN_EMPTY_BODY = YES;
				CLANG_WARN_ENUM_CONVERSION = YES;
				CLANG_WARN_INFINITE_RECURSION = YES;
				CLANG_WARN_INT_CONVERSION = YES;
				CLANG_WARN_NON_LITERAL_NULL_CONVERSION = YES;
				CLANG_WARN_OBJC_IMPLICIT_RETAIN_SELF = YES;
				CLANG_WARN_OBJC_LITERAL_CONVERSION = YES;
				CLANG_WARN_OBJC_ROOT_CLASS = YES_ERROR;
				CLANG_WARN_QUOTED_INCLUDE_IN_FRAMEWORK_HEADER = YES;
				CLANG_WARN_RANGE_LOOP_ANALYSIS = YES;
				CLANG_WARN_STRICT_PROTOTYPES = YES;
				CLANG_WARN_SUSPICIOUS_MOVE = YES;
				CLANG_WARN_UNGUARDED_AVAILABILITY = YES_AGGRESSIVE;
				CLANG_WARN_UNREACHABLE_CODE = YES;
				CLANG_WARN__DUPLICATE_METHOD_MATCH = YES;
				CODE_SIGN_IDENTITY = "iPhone Developer";
				COPY_PHASE_STRIP = NO;
				DEBUG_INFORMATION_FORMAT = dwarf;
				ENABLE_STRICT_OBJC_MSGSEND = YES;
				ENABLE_TESTABILITY = YES;
				GCC_C_LANGUAGE_STANDARD = gnu11;
				GCC_DYNAMIC_NO_PIC = NO;
				GCC_NO_COMMON_BLOCKS = YES;
				GCC_OPTIMIZATION_LEVEL = 0;
				GCC_PREPROCESSOR_DEFINITIONS = (
					"DEBUG=1",
					"$(inherited)",
				);
				GCC_WARN_64_TO_32_BIT_CONVERSION = YES;
				GCC_WARN_ABOUT_RETURN_TYPE = YES_ERROR;
				GCC_WARN_UNDECLARED_SELECTOR = YES;
				GCC_WARN_UNINITIALIZED_AUTOS = YES_AGGRESSIVE;
				GCC_WARN_UNUSED_FUNCTION = YES;
				GCC_WARN_UNUSED_VARIABLE = YES;
				IPHONEOS_DEPLOYMENT_TARGET = 12.2;
				MTL_ENABLE_DEBUG_INFO = INCLUDE_SOURCE;
				MTL_FAST_MATH = YES;
				ONLY_ACTIVE_ARCH = YES;
				SDKROOT = iphoneos;
				SWIFT_ACTIVE_COMPILATION_CONDITIONS = DEBUG;
				SWIFT_OPTIMIZATION_LEVEL = "-Onone";
			};
			name = Debug;
		};
		BCE5D10622DA80F20054C4D2 /* Release */ = {
			isa = XCBuildConfiguration;
			buildSettings = {
				ALWAYS_SEARCH_USER_PATHS = NO;
				CLANG_ANALYZER_NONNULL = YES;
				CLANG_ANALYZER_NUMBER_OBJECT_CONVERSION = YES_AGGRESSIVE;
				CLANG_CXX_LANGUAGE_STANDARD = "gnu++14";
				CLANG_CXX_LIBRARY = "libc++";
				CLANG_ENABLE_MODULES = YES;
				CLANG_ENABLE_OBJC_ARC = YES;
				CLANG_ENABLE_OBJC_WEAK = YES;
				CLANG_WARN_BLOCK_CAPTURE_AUTORELEASING = YES;
				CLANG_WARN_BOOL_CONVERSION = YES;
				CLANG_WARN_COMMA = YES;
				CLANG_WARN_CONSTANT_CONVERSION = YES;
				CLANG_WARN_DEPRECATED_OBJC_IMPLEMENTATIONS = YES;
				CLANG_WARN_DIRECT_OBJC_ISA_USAGE = YES_ERROR;
				CLANG_WARN_DOCUMENTATION_COMMENTS = YES;
				CLANG_WARN_EMPTY_BODY = YES;
				CLANG_WARN_ENUM_CONVERSION = YES;
				CLANG_WARN_INFINITE_RECURSION = YES;
				CLANG_WARN_INT_CONVERSION = YES;
				CLANG_WARN_NON_LITERAL_NULL_CONVERSION = YES;
				CLANG_WARN_OBJC_IMPLICIT_RETAIN_SELF = YES;
				CLANG_WARN_OBJC_LITERAL_CONVERSION = YES;
				CLANG_WARN_OBJC_ROOT_CLASS = YES_ERROR;
				CLANG_WARN_QUOTED_INCLUDE_IN_FRAMEWORK_HEADER = YES;
				CLANG_WARN_RANGE_LOOP_ANALYSIS = YES;
				CLANG_WARN_STRICT_PROTOTYPES = YES;
				CLANG_WARN_SUSPICIOUS_MOVE = YES;
				CLANG_WARN_UNGUARDED_AVAILABILITY = YES_AGGRESSIVE;
				CLANG_WARN_UNREACHABLE_CODE = YES;
				CLANG_WARN__DUPLICATE_METHOD_MATCH = YES;
				CODE_SIGN_IDENTITY = "iPhone Developer";
				COPY_PHASE_STRIP = NO;
				DEBUG_INFORMATION_FORMAT = "dwarf-with-dsym";
				ENABLE_NS_ASSERTIONS = NO;
				ENABLE_STRICT_OBJC_MSGSEND = YES;
				GCC_C_LANGUAGE_STANDARD = gnu11;
				GCC_NO_COMMON_BLOCKS = YES;
				GCC_WARN_64_TO_32_BIT_CONVERSION = YES;
				GCC_WARN_ABOUT_RETURN_TYPE = YES_ERROR;
				GCC_WARN_UNDECLARED_SELECTOR = YES;
				GCC_WARN_UNINITIALIZED_AUTOS = YES_AGGRESSIVE;
				GCC_WARN_UNUSED_FUNCTION = YES;
				GCC_WARN_UNUSED_VARIABLE = YES;
				IPHONEOS_DEPLOYMENT_TARGET = 12.2;
				MTL_ENABLE_DEBUG_INFO = NO;
				MTL_FAST_MATH = YES;
				SDKROOT = iphoneos;
				SWIFT_COMPILATION_MODE = wholemodule;
				SWIFT_OPTIMIZATION_LEVEL = "-O";
				VALIDATE_PRODUCT = YES;
			};
			name = Release;
		};
		BCE5D10822DA80F20054C4D2 /* Debug */ = {
			isa = XCBuildConfiguration;
			baseConfigurationReference = 54100C9A9E58F04FD665EE32 /* Pods-iconic.debug.xcconfig */;
			buildSettings = {
				ASSETCATALOG_COMPILER_APPICON_NAME = AppIcon;
				CODE_SIGN_STYLE = Automatic;
				DEVELOPMENT_TEAM = 23WM9XXG5V;
				INFOPLIST_FILE = iconic/Info.plist;
				LD_RUNPATH_SEARCH_PATHS = (
					"$(inherited)",
					"@executable_path/Frameworks",
				);
				PRODUCT_BUNDLE_IDENTIFIER = com.corporatelangdon.iconic;
				PRODUCT_NAME = "$(TARGET_NAME)";
				SWIFT_VERSION = 5.0;
				TARGETED_DEVICE_FAMILY = "1,2";
			};
			name = Debug;
		};
		BCE5D10922DA80F20054C4D2 /* Release */ = {
			isa = XCBuildConfiguration;
			baseConfigurationReference = A5FFB27D6D4353CADA2BE52F /* Pods-iconic.release.xcconfig */;
			buildSettings = {
				ASSETCATALOG_COMPILER_APPICON_NAME = AppIcon;
				CODE_SIGN_STYLE = Automatic;
				DEVELOPMENT_TEAM = 23WM9XXG5V;
				INFOPLIST_FILE = iconic/Info.plist;
				LD_RUNPATH_SEARCH_PATHS = (
					"$(inherited)",
					"@executable_path/Frameworks",
				);
				PRODUCT_BUNDLE_IDENTIFIER = com.corporatelangdon.iconic;
				PRODUCT_NAME = "$(TARGET_NAME)";
				SWIFT_VERSION = 5.0;
				TARGETED_DEVICE_FAMILY = "1,2";
			};
			name = Release;
		};
		BCE5D10B22DA80F20054C4D2 /* Debug */ = {
			isa = XCBuildConfiguration;
			baseConfigurationReference = 4ECFDF10D31F65C9D4888F0B /* Pods-iconicTests.debug.xcconfig */;
			buildSettings = {
				ALWAYS_EMBED_SWIFT_STANDARD_LIBRARIES = YES;
				BUNDLE_LOADER = "$(TEST_HOST)";
				CODE_SIGN_STYLE = Automatic;
				DEVELOPMENT_TEAM = 23WM9XXG5V;
				INFOPLIST_FILE = iconicTests/Info.plist;
				LD_RUNPATH_SEARCH_PATHS = (
					"$(inherited)",
					"@executable_path/Frameworks",
					"@loader_path/Frameworks",
				);
				PRODUCT_BUNDLE_IDENTIFIER = com.corporatelangdon.iconicTests;
				PRODUCT_NAME = "$(TARGET_NAME)";
				SWIFT_VERSION = 5.0;
				TARGETED_DEVICE_FAMILY = "1,2";
				TEST_HOST = "$(BUILT_PRODUCTS_DIR)/iconic.app/iconic";
			};
			name = Debug;
		};
		BCE5D10C22DA80F20054C4D2 /* Release */ = {
			isa = XCBuildConfiguration;
			baseConfigurationReference = 994B817208D5FA3D99EE0E4D /* Pods-iconicTests.release.xcconfig */;
			buildSettings = {
				ALWAYS_EMBED_SWIFT_STANDARD_LIBRARIES = YES;
				BUNDLE_LOADER = "$(TEST_HOST)";
				CODE_SIGN_STYLE = Automatic;
				DEVELOPMENT_TEAM = 23WM9XXG5V;
				INFOPLIST_FILE = iconicTests/Info.plist;
				LD_RUNPATH_SEARCH_PATHS = (
					"$(inherited)",
					"@executable_path/Frameworks",
					"@loader_path/Frameworks",
				);
				PRODUCT_BUNDLE_IDENTIFIER = com.corporatelangdon.iconicTests;
				PRODUCT_NAME = "$(TARGET_NAME)";
				SWIFT_VERSION = 5.0;
				TARGETED_DEVICE_FAMILY = "1,2";
				TEST_HOST = "$(BUILT_PRODUCTS_DIR)/iconic.app/iconic";
			};
			name = Release;
		};
/* End XCBuildConfiguration section */

/* Begin XCConfigurationList section */
		BCE5D0E522DA80F10054C4D2 /* Build configuration list for PBXProject "iconic" */ = {
			isa = XCConfigurationList;
			buildConfigurations = (
				BCE5D10522DA80F20054C4D2 /* Debug */,
				BCE5D10622DA80F20054C4D2 /* Release */,
			);
			defaultConfigurationIsVisible = 0;
			defaultConfigurationName = Release;
		};
		BCE5D10722DA80F20054C4D2 /* Build configuration list for PBXNativeTarget "iconic" */ = {
			isa = XCConfigurationList;
			buildConfigurations = (
				BCE5D10822DA80F20054C4D2 /* Debug */,
				BCE5D10922DA80F20054C4D2 /* Release */,
			);
			defaultConfigurationIsVisible = 0;
			defaultConfigurationName = Release;
		};
		BCE5D10A22DA80F20054C4D2 /* Build configuration list for PBXNativeTarget "iconicTests" */ = {
			isa = XCConfigurationList;
			buildConfigurations = (
				BCE5D10B22DA80F20054C4D2 /* Debug */,
				BCE5D10C22DA80F20054C4D2 /* Release */,
			);
			defaultConfigurationIsVisible = 0;
			defaultConfigurationName = Release;
		};
/* End XCConfigurationList section */
	};
	rootObject = BCE5D0E222DA80F10054C4D2 /* Project object */;
}
